
Microsoft Visual Studio Solution File, Format Version 12.00
# Visual Studio 15
VisualStudioVersion = 15.0.28010.2036
MinimumVisualStudioVersion = 10.0.40219.1
Project("{FAE04EC0-301F-11D3-BF4B-00C04F79EFBC}") = "WebAssessment", "WebAssessment\WebAssessment.csproj", "{E6C64BC2-81BA-407F-A84F-CA1ACE67A2F5}"
EndProject
Project("{FAE04EC0-301F-11D3-BF4B-00C04F79EFBC}") = "WebAssessment.Tests", "WebAssessment.Tests\WebAssessment.Tests.csproj", "{F6565F7F-CADC-45CB-8CBC-A34320D3F41D}"
EndProject
Global
	GlobalSection(SolutionConfigurationPlatforms) = preSolution
		Debug|Any CPU = Debug|Any CPU
		Release|Any CPU = Release|Any CPU
	EndGlobalSection
	GlobalSection(ProjectConfigurationPlatforms) = postSolution
		{E6C64BC2-81BA-407F-A84F-CA1ACE67A2F5}.Debug|Any CPU.ActiveCfg = Debug|Any CPU
		{E6C64BC2-81BA-407F-A84F-CA1ACE67A2F5}.Debug|Any CPU.Build.0 = Debug|Any CPU
		{E6C64BC2-81BA-407F-A84F-CA1ACE67A2F5}.Release|Any CPU.ActiveCfg = Release|Any CPU
		{E6C64BC2-81BA-407F-A84F-CA1ACE67A2F5}.Release|Any CPU.Build.0 = Release|Any CPU
		{F6565F7F-CADC-45CB-8CBC-A34320D3F41D}.Debug|Any CPU.ActiveCfg = Debug|Any CPU
		{F6565F7F-CADC-45CB-8CBC-A34320D3F41D}.Debug|Any CPU.Build.0 = Debug|Any CPU
		{F6565F7F-CADC-45CB-8CBC-A34320D3F41D}.Release|Any CPU.ActiveCfg = Release|Any CPU
		{F6565F7F-CADC-45CB-8CBC-A34320D3F41D}.Release|Any CPU.Build.0 = Release|Any CPU
	EndGlobalSection
	GlobalSection(SolutionProperties) = preSolution
		HideSolutionNode = FALSE
	EndGlobalSection
	GlobalSection(ExtensibilityGlobals) = postSolution
		SolutionGuid = {85A01C84-5EED-4C2E-AACB-F4CFC40D421E}
	EndGlobalSection
EndGlobal
